
Microsoft Visual Studio Solution File, Format Version 12.00
# Visual Studio Version 17
VisualStudioVersion = 17.4.33027.239
MinimumVisualStudioVersion = 10.0.40219.1
Project("{9A19103F-16F7-4668-BE54-9A1E7A4F7556}") = "dnf", "dnf\dnf.csproj", "{2764AD00-5B67-4D2D-A63D-84AC62452CD9}"
EndProject
Project("{9A19103F-16F7-4668-BE54-9A1E7A4F7556}") = "UnitTest", "UnitTest\UnitTest.csproj", "{3E5A812D-7798-4C1A-B109-7920EA9D0893}"
EndProject
Global
	GlobalSection(SolutionConfigurationPlatforms) = preSolution
		Debug|Any CPU = Debug|Any CPU
		Release|Any CPU = Release|Any CPU
	EndGlobalSection
	GlobalSection(ProjectConfigurationPlatforms) = postSolution
		{2764AD00-5B67-4D2D-A63D-84AC62452CD9}.Debug|Any CPU.ActiveCfg = Debug|Any CPU
		{2764AD00-5B67-4D2D-A63D-84AC62452CD9}.Debug|Any CPU.Build.0 = Debug|Any CPU
		{2764AD00-5B67-4D2D-A63D-84AC62452CD9}.Release|Any CPU.ActiveCfg = Release|Any CPU
		{2764AD00-5B67-4D2D-A63D-84AC62452CD9}.Release|Any CPU.Build.0 = Release|Any CPU
		{3E5A812D-7798-4C1A-B109-7920EA9D0893}.Debug|Any CPU.ActiveCfg = Debug|Any CPU
		{3E5A812D-7798-4C1A-B109-7920EA9D0893}.Debug|Any CPU.Build.0 = Debug|Any CPU
		{3E5A812D-7798-4C1A-B109-7920EA9D0893}.Release|Any CPU.ActiveCfg = Release|Any CPU
		{3E5A812D-7798-4C1A-B109-7920EA9D0893}.Release|Any CPU.Build.0 = Release|Any CPU
	EndGlobalSection
	GlobalSection(SolutionProperties) = preSolution
		HideSolutionNode = FALSE
	EndGlobalSection
	GlobalSection(ExtensibilityGlobals) = postSolution
		SolutionGuid = {478F72BA-73F3-475D-9CCB-6908FAF4293C}
	EndGlobalSection
EndGlobal
